
Microsoft Visual Studio Solution File, Format Version 12.00
# Visual Studio 15
VisualStudioVersion = 15.0.27130.2027
MinimumVisualStudioVersion = 10.0.40219.1
Project("{FAE04EC0-301F-11D3-BF4B-00C04F79EFBC}") = "DALX", "DALX\DALX.csproj", "{7CA67D70-439B-4550-9B70-7778263DD2B5}"
EndProject
Project("{FAE04EC0-301F-11D3-BF4B-00C04F79EFBC}") = "DALX_Test", "DALX_Test\DALX_Test.csproj", "{9C0BA470-F2CF-4DE4-85D3-0BE9A22A7E45}"
EndProject
Project("{FAE04EC0-301F-11D3-BF4B-00C04F79EFBC}") = "DALX_UI", "DALX_UI\DALX_UI.csproj", "{0181E3B7-6690-451C-BBB2-C956101FF3CE}"
EndProject
Project("{FAE04EC0-301F-11D3-BF4B-00C04F79EFBC}") = "GENX", "GENX\GENX.csproj", "{AA816441-BF01-4721-A26A-ABA56045E4E8}"
EndProject
Global
	GlobalSection(SolutionConfigurationPlatforms) = preSolution
		Debug|Any CPU = Debug|Any CPU
		Release|Any CPU = Release|Any CPU
	EndGlobalSection
	GlobalSection(ProjectConfigurationPlatforms) = postSolution
		{7CA67D70-439B-4550-9B70-7778263DD2B5}.Debug|Any CPU.ActiveCfg = Debug|Any CPU
		{7CA67D70-439B-4550-9B70-7778263DD2B5}.Debug|Any CPU.Build.0 = Debug|Any CPU
		{7CA67D70-439B-4550-9B70-7778263DD2B5}.Release|Any CPU.ActiveCfg = Release|Any CPU
		{7CA67D70-439B-4550-9B70-7778263DD2B5}.Release|Any CPU.Build.0 = Release|Any CPU
		{9C0BA470-F2CF-4DE4-85D3-0BE9A22A7E45}.Debug|Any CPU.ActiveCfg = Debug|Any CPU
		{9C0BA470-F2CF-4DE4-85D3-0BE9A22A7E45}.Debug|Any CPU.Build.0 = Debug|Any CPU
		{9C0BA470-F2CF-4DE4-85D3-0BE9A22A7E45}.Release|Any CPU.ActiveCfg = Release|Any CPU
		{9C0BA470-F2CF-4DE4-85D3-0BE9A22A7E45}.Release|Any CPU.Build.0 = Release|Any CPU
		{0181E3B7-6690-451C-BBB2-C956101FF3CE}.Debug|Any CPU.ActiveCfg = Debug|Any CPU
		{0181E3B7-6690-451C-BBB2-C956101FF3CE}.Debug|Any CPU.Build.0 = Debug|Any CPU
		{0181E3B7-6690-451C-BBB2-C956101FF3CE}.Release|Any CPU.ActiveCfg = Release|Any CPU
		{0181E3B7-6690-451C-BBB2-C956101FF3CE}.Release|Any CPU.Build.0 = Release|Any CPU
		{AA816441-BF01-4721-A26A-ABA56045E4E8}.Debug|Any CPU.ActiveCfg = Debug|Any CPU
		{AA816441-BF01-4721-A26A-ABA56045E4E8}.Debug|Any CPU.Build.0 = Debug|Any CPU
		{AA816441-BF01-4721-A26A-ABA56045E4E8}.Release|Any CPU.ActiveCfg = Release|Any CPU
		{AA816441-BF01-4721-A26A-ABA56045E4E8}.Release|Any CPU.Build.0 = Release|Any CPU
	EndGlobalSection
	GlobalSection(SolutionProperties) = preSolution
		HideSolutionNode = FALSE
	EndGlobalSection
	GlobalSection(ExtensibilityGlobals) = postSolution
		SolutionGuid = {A0443FFC-50D1-4548-9362-8FE2F85703CD}
	EndGlobalSection
EndGlobal
